
Microsoft Visual Studio Solution File, Format Version 12.00
# Visual Studio Version 16
VisualStudioVersion = 16.0.31702.278
MinimumVisualStudioVersion = 10.0.40219.1
Project("{9A19103F-16F7-4668-BE54-9A1E7A4F7556}") = "Hospital.Domain", "src\Hospital.Domain\Hospital.Domain.csproj", "{2AC336CF-A76C-4DFF-A519-C6452059E72B}"
EndProject
Project("{9A19103F-16F7-4668-BE54-9A1E7A4F7556}") = "Hospital.Infraestructure", "src\Hospital.Infraestructure\Hospital.Infraestructure.csproj", "{C1F22096-4387-4501-BDE6-8075A9157A20}"
EndProject
Project("{FAE04EC0-301F-11D3-BF4B-00C04F79EFBC}") = "Hospital.Business", "src\Hospital.Business\Hospital.Business.csproj", "{D23BC3A2-DEBF-4B2A-B8FD-37C354FE149B}"
EndProject
Project("{FAE04EC0-301F-11D3-BF4B-00C04F79EFBC}") = "Hospital.CrossCutting", "src\Hospital.CrossCutting\Hospital.CrossCutting.csproj", "{BBC39CF3-CF5C-42AC-BAF2-31C0DAD142EB}"
EndProject
Project("{FAE04EC0-301F-11D3-BF4B-00C04F79EFBC}") = "Hospital.UI.MVC", "src\Hospital.UI.MVC\Hospital.UI.MVC.csproj", "{CC38AEB2-A09F-4345-BFC4-721BC11A5780}"
EndProject
Global
	GlobalSection(SolutionConfigurationPlatforms) = preSolution
		Debug|Any CPU = Debug|Any CPU
		Release|Any CPU = Release|Any CPU
	EndGlobalSection
	GlobalSection(ProjectConfigurationPlatforms) = postSolution
		{2AC336CF-A76C-4DFF-A519-C6452059E72B}.Debug|Any CPU.ActiveCfg = Debug|Any CPU
		{2AC336CF-A76C-4DFF-A519-C6452059E72B}.Debug|Any CPU.Build.0 = Debug|Any CPU
		{2AC336CF-A76C-4DFF-A519-C6452059E72B}.Release|Any CPU.ActiveCfg = Release|Any CPU
		{2AC336CF-A76C-4DFF-A519-C6452059E72B}.Release|Any CPU.Build.0 = Release|Any CPU
		{C1F22096-4387-4501-BDE6-8075A9157A20}.Debug|Any CPU.ActiveCfg = Debug|Any CPU
		{C1F22096-4387-4501-BDE6-8075A9157A20}.Debug|Any CPU.Build.0 = Debug|Any CPU
		{C1F22096-4387-4501-BDE6-8075A9157A20}.Release|Any CPU.ActiveCfg = Release|Any CPU
		{C1F22096-4387-4501-BDE6-8075A9157A20}.Release|Any CPU.Build.0 = Release|Any CPU
		{D23BC3A2-DEBF-4B2A-B8FD-37C354FE149B}.Debug|Any CPU.ActiveCfg = Debug|Any CPU
		{D23BC3A2-DEBF-4B2A-B8FD-37C354FE149B}.Debug|Any CPU.Build.0 = Debug|Any CPU
		{D23BC3A2-DEBF-4B2A-B8FD-37C354FE149B}.Release|Any CPU.ActiveCfg = Release|Any CPU
		{D23BC3A2-DEBF-4B2A-B8FD-37C354FE149B}.Release|Any CPU.Build.0 = Release|Any CPU
		{BBC39CF3-CF5C-42AC-BAF2-31C0DAD142EB}.Debug|Any CPU.ActiveCfg = Debug|Any CPU
		{BBC39CF3-CF5C-42AC-BAF2-31C0DAD142EB}.Debug|Any CPU.Build.0 = Debug|Any CPU
		{BBC39CF3-CF5C-42AC-BAF2-31C0DAD142EB}.Release|Any CPU.ActiveCfg = Release|Any CPU
		{BBC39CF3-CF5C-42AC-BAF2-31C0DAD142EB}.Release|Any CPU.Build.0 = Release|Any CPU
		{CC38AEB2-A09F-4345-BFC4-721BC11A5780}.Debug|Any CPU.ActiveCfg = Debug|Any CPU
		{CC38AEB2-A09F-4345-BFC4-721BC11A5780}.Debug|Any CPU.Build.0 = Debug|Any CPU
		{CC38AEB2-A09F-4345-BFC4-721BC11A5780}.Release|Any CPU.ActiveCfg = Release|Any CPU
		{CC38AEB2-A09F-4345-BFC4-721BC11A5780}.Release|Any CPU.Build.0 = Release|Any CPU
	EndGlobalSection
	GlobalSection(SolutionProperties) = preSolution
		HideSolutionNode = FALSE
	EndGlobalSection
	GlobalSection(ExtensibilityGlobals) = postSolution
		SolutionGuid = {5CD9A896-9A75-4FE3-B1A9-B1F5AB8B6CAF}
	EndGlobalSection
EndGlobal
